// !$*UTF8*$!
{
	archiveVersion = 1;
	classes = {
	};
	objectVersion = 56;
	objects = {

/* Begin PBXBuildFile section */
		3409A3332B0F8D9D008D5320 /* LandmarksApp.swift in Sources */ = {isa = PBXBuildFile; fileRef = 3409A3322B0F8D9D008D5320 /* LandmarksApp.swift */; };
		3409A3352B0F8D9D008D5320 /* ContentView.swift in Sources */ = {isa = PBXBuildFile; fileRef = 3409A3342B0F8D9D008D5320 /* ContentView.swift */; };
		3409A3372B0F8D9F008D5320 /* AppIcon.xcassets in Resources */ = {isa = PBXBuildFile; fileRef = 3409A3362B0F8D9F008D5320 /* AppIcon.xcassets */; };
		3409A33A2B0F8D9F008D5320 /* Preview Assets.xcassets in Resources */ = {isa = PBXBuildFile; fileRef = 3409A3392B0F8D9F008D5320 /* Preview Assets.xcassets */; };
		3409A3482B0F952E008D5320 /* Landmarks.xcassets in Resources */ = {isa = PBXBuildFile; fileRef = 3409A3472B0F952E008D5320 /* Landmarks.xcassets */; };
		3409A34A2B0F956F008D5320 /* CircleImage.swift in Sources */ = {isa = PBXBuildFile; fileRef = 3409A3492B0F956F008D5320 /* CircleImage.swift */; };
		3409A34C2B0F965C008D5320 /* MapView.swift in Sources */ = {isa = PBXBuildFile; fileRef = 3409A34B2B0F965C008D5320 /* MapView.swift */; };
		3409A34E2B0F9886008D5320 /* .swiftlint.yml in Resources */ = {isa = PBXBuildFile; fileRef = 3409A34D2B0F9885008D5320 /* .swiftlint.yml */; };
		3409A3532B104046008D5320 /* Landmark.swift in Sources */ = {isa = PBXBuildFile; fileRef = 3409A3522B104045008D5320 /* Landmark.swift */; };
		3409A3552B10416E008D5320 /* ModelData.swift in Sources */ = {isa = PBXBuildFile; fileRef = 3409A3542B10416E008D5320 /* ModelData.swift */; };
		3409A3592B10428E008D5320 /* LandmarkRow.swift in Sources */ = {isa = PBXBuildFile; fileRef = 3409A3582B10428E008D5320 /* LandmarkRow.swift */; };
		3409A35B2B1043FE008D5320 /* LandmarkList.swift in Sources */ = {isa = PBXBuildFile; fileRef = 3409A35A2B1043FE008D5320 /* LandmarkList.swift */; };
		3409A35D2B104539008D5320 /* LandmarkDetail.swift in Sources */ = {isa = PBXBuildFile; fileRef = 3409A35C2B104539008D5320 /* LandmarkDetail.swift */; };
		3409A35F2B117F86008D5320 /* FavoriteButton.swift in Sources */ = {isa = PBXBuildFile; fileRef = 3409A35E2B117F86008D5320 /* FavoriteButton.swift */; };
		3409A3632B12F53A008D5320 /* HexagonParameters.swift in Sources */ = {isa = PBXBuildFile; fileRef = 3409A3622B12F53A008D5320 /* HexagonParameters.swift */; };
		3409A3652B12F65C008D5320 /* BadgeBackground.swift in Sources */ = {isa = PBXBuildFile; fileRef = 3409A3642B12F65C008D5320 /* BadgeBackground.swift */; };
		3409A3672B12F8ED008D5320 /* BadgeSymbol.swift in Sources */ = {isa = PBXBuildFile; fileRef = 3409A3662B12F8ED008D5320 /* BadgeSymbol.swift */; };
		3409A3692B12F9B2008D5320 /* RotatedBadgeSymbol.swift in Sources */ = {isa = PBXBuildFile; fileRef = 3409A3682B12F9B2008D5320 /* RotatedBadgeSymbol.swift */; };
		3409A36B2B12FA74008D5320 /* Badge.swift in Sources */ = {isa = PBXBuildFile; fileRef = 3409A36A2B12FA74008D5320 /* Badge.swift */; };
		3409A3732B130F1A008D5320 /* landmarkData.json in Resources */ = {isa = PBXBuildFile; fileRef = 3409A3712B130F1A008D5320 /* landmarkData.json */; };
		3409A3742B130F1A008D5320 /* hikeData.json in Resources */ = {isa = PBXBuildFile; fileRef = 3409A3722B130F1A008D5320 /* hikeData.json */; };
		3409A3762B130F61008D5320 /* Hike.swift in Sources */ = {isa = PBXBuildFile; fileRef = 3409A3752B130F61008D5320 /* Hike.swift */; };
		3409A37C2B130FDC008D5320 /* GraphCapsule.swift in Sources */ = {isa = PBXBuildFile; fileRef = 3409A3782B130FDC008D5320 /* GraphCapsule.swift */; };
		3409A37D2B130FDC008D5320 /* HikeGraph.swift in Sources */ = {isa = PBXBuildFile; fileRef = 3409A3792B130FDC008D5320 /* HikeGraph.swift */; };
		3409A37E2B130FDC008D5320 /* HikeDetail.swift in Sources */ = {isa = PBXBuildFile; fileRef = 3409A37A2B130FDC008D5320 /* HikeDetail.swift */; };
		3409A37F2B130FDC008D5320 /* HikeView.swift in Sources */ = {isa = PBXBuildFile; fileRef = 3409A37B2B130FDC008D5320 /* HikeView.swift */; };
		3409A3822B131706008D5320 /* CategoryHome.swift in Sources */ = {isa = PBXBuildFile; fileRef = 3409A3812B131705008D5320 /* CategoryHome.swift */; };
		3409A3842B131876008D5320 /* CategoryRow.swift in Sources */ = {isa = PBXBuildFile; fileRef = 3409A3832B131876008D5320 /* CategoryRow.swift */; };
		3409A3862B13198A008D5320 /* CategoryItem.swift in Sources */ = {isa = PBXBuildFile; fileRef = 3409A3852B13198A008D5320 /* CategoryItem.swift */; };
		3409A3882B1E09EC008D5320 /* Profile.swift in Sources */ = {isa = PBXBuildFile; fileRef = 3409A3872B1E09EC008D5320 /* Profile.swift */; };
		3409A38C2B1E0ACF008D5320 /* ProfileHost.swift in Sources */ = {isa = PBXBuildFile; fileRef = 3409A38B2B1E0ACF008D5320 /* ProfileHost.swift */; };
		3409A38E2B1E0B05008D5320 /* ProfileSummary.swift in Sources */ = {isa = PBXBuildFile; fileRef = 3409A38D2B1E0B05008D5320 /* ProfileSummary.swift */; };
		3409A3902B1E0C2A008D5320 /* HikeBadge.swift in Sources */ = {isa = PBXBuildFile; fileRef = 3409A38F2B1E0C2A008D5320 /* HikeBadge.swift */; };
		3409A3922B1E12BD008D5320 /* ProfileEditor.swift in Sources */ = {isa = PBXBuildFile; fileRef = 3409A3912B1E12BD008D5320 /* ProfileEditor.swift */; };
		3409A3952B1EBCF8008D5320 /* PageViewController.swift in Sources */ = {isa = PBXBuildFile; fileRef = 3409A3942B1EBCF8008D5320 /* PageViewController.swift */; };
		3409A3972B1EBE8E008D5320 /* FeatureCard.swift in Sources */ = {isa = PBXBuildFile; fileRef = 3409A3962B1EBE8E008D5320 /* FeatureCard.swift */; };
		3409A3992B1EBF2E008D5320 /* PageView.swift in Sources */ = {isa = PBXBuildFile; fileRef = 3409A3982B1EBF2E008D5320 /* PageView.swift */; };
		3409A39B2B1EC5EA008D5320 /* PageControl.swift in Sources */ = {isa = PBXBuildFile; fileRef = 3409A39A2B1EC5EA008D5320 /* PageControl.swift */; };
		349451B32B20BCE20092E8E0 /* ContentView.swift in Sources */ = {isa = PBXBuildFile; fileRef = 349451B22B20BCE20092E8E0 /* ContentView.swift */; };
		349451B52B20BCE50092E8E0 /* Assets.xcassets in Resources */ = {isa = PBXBuildFile; fileRef = 349451B42B20BCE50092E8E0 /* Assets.xcassets */; };
		349451B82B20BCE50092E8E0 /* Preview Assets.xcassets in Resources */ = {isa = PBXBuildFile; fileRef = 349451B72B20BCE50092E8E0 /* Preview Assets.xcassets */; };
		349451BB2B20BCE50092E8E0 /* WatchLandmarks Watch App.app in Embed Watch Content */ = {isa = PBXBuildFile; fileRef = 349451AE2B20BCE20092E8E0 /* WatchLandmarks Watch App.app */; settings = {ATTRIBUTES = (RemoveHeadersOnCopy, ); }; };
		349451C02B20BE060092E8E0 /* hikeData.json in Resources */ = {isa = PBXBuildFile; fileRef = 3409A3722B130F1A008D5320 /* hikeData.json */; };
		349451C12B20BE060092E8E0 /* LandmarkRow.swift in Sources */ = {isa = PBXBuildFile; fileRef = 3409A3582B10428E008D5320 /* LandmarkRow.swift */; };
		349451C22B20BE060092E8E0 /* ModelData.swift in Sources */ = {isa = PBXBuildFile; fileRef = 3409A3542B10416E008D5320 /* ModelData.swift */; };
		349451C32B20BE060092E8E0 /* Hike.swift in Sources */ = {isa = PBXBuildFile; fileRef = 3409A3752B130F61008D5320 /* Hike.swift */; };
		349451C52B20BE060092E8E0 /* Landmark.swift in Sources */ = {isa = PBXBuildFile; fileRef = 3409A3522B104045008D5320 /* Landmark.swift */; };
		349451C62B20BE060092E8E0 /* MapView.swift in Sources */ = {isa = PBXBuildFile; fileRef = 3409A34B2B0F965C008D5320 /* MapView.swift */; };
		349451C72B20BE060092E8E0 /* Profile.swift in Sources */ = {isa = PBXBuildFile; fileRef = 3409A3872B1E09EC008D5320 /* Profile.swift */; };
		349451C82B20BE060092E8E0 /* landmarkData.json in Resources */ = {isa = PBXBuildFile; fileRef = 3409A3712B130F1A008D5320 /* landmarkData.json */; };
		349451C92B20BE060092E8E0 /* CircleImage.swift in Sources */ = {isa = PBXBuildFile; fileRef = 3409A3492B0F956F008D5320 /* CircleImage.swift */; };
		349451CA2B20BE060092E8E0 /* LandmarksApp.swift in Sources */ = {isa = PBXBuildFile; fileRef = 3409A3322B0F8D9D008D5320 /* LandmarksApp.swift */; };
		349451CB2B20BE200092E8E0 /* Landmarks.xcassets in Resources */ = {isa = PBXBuildFile; fileRef = 3409A3472B0F952E008D5320 /* Landmarks.xcassets */; };
		349451D22B20BFF00092E8E0 /* LandmarkDetail.swift in Sources */ = {isa = PBXBuildFile; fileRef = 349451D12B20BFF00092E8E0 /* LandmarkDetail.swift */; };
		34DD7F032B20C8040073833A /* NotificationView.swift in Sources */ = {isa = PBXBuildFile; fileRef = 34DD7F022B20C8040073833A /* NotificationView.swift */; };
		34DD7F052B20C88E0073833A /* NotificationController.swift in Sources */ = {isa = PBXBuildFile; fileRef = 34DD7F042B20C88E0073833A /* NotificationController.swift */; };
		34DD7F112B20CF930073833A /* ContentView.swift in Sources */ = {isa = PBXBuildFile; fileRef = 34DD7F102B20CF930073833A /* ContentView.swift */; };
		34DD7F132B20CF960073833A /* Assets.xcassets in Resources */ = {isa = PBXBuildFile; fileRef = 34DD7F122B20CF960073833A /* Assets.xcassets */; };
		34DD7F162B20CF960073833A /* Preview Assets.xcassets in Resources */ = {isa = PBXBuildFile; fileRef = 34DD7F152B20CF960073833A /* Preview Assets.xcassets */; };
		34DD7F1B2B20D0B20073833A /* FavoriteButton.swift in Sources */ = {isa = PBXBuildFile; fileRef = 3409A35E2B117F86008D5320 /* FavoriteButton.swift */; };
		34DD7F1C2B20D0B20073833A /* hikeData.json in Resources */ = {isa = PBXBuildFile; fileRef = 3409A3722B130F1A008D5320 /* hikeData.json */; };
		34DD7F1D2B20D0B20073833A /* Landmarks.xcassets in Resources */ = {isa = PBXBuildFile; fileRef = 3409A3472B0F952E008D5320 /* Landmarks.xcassets */; };
		34DD7F1E2B20D0B20073833A /* Hike.swift in Sources */ = {isa = PBXBuildFile; fileRef = 3409A3752B130F61008D5320 /* Hike.swift */; };
		34DD7F1F2B20D0B20073833A /* LandmarksApp.swift in Sources */ = {isa = PBXBuildFile; fileRef = 3409A3322B0F8D9D008D5320 /* LandmarksApp.swift */; };
		34DD7F202B20D0B20073833A /* CircleImage.swift in Sources */ = {isa = PBXBuildFile; fileRef = 3409A3492B0F956F008D5320 /* CircleImage.swift */; };
		34DD7F212B20D0B20073833A /* LandmarkRow.swift in Sources */ = {isa = PBXBuildFile; fileRef = 3409A3582B10428E008D5320 /* LandmarkRow.swift */; };
		34DD7F222B20D0B20073833A /* MapView.swift in Sources */ = {isa = PBXBuildFile; fileRef = 3409A34B2B0F965C008D5320 /* MapView.swift */; };
		34DD7F232B20D0B20073833A /* LandmarkList.swift in Sources */ = {isa = PBXBuildFile; fileRef = 3409A35A2B1043FE008D5320 /* LandmarkList.swift */; };
		34DD7F242B20D0B20073833A /* ModelData.swift in Sources */ = {isa = PBXBuildFile; fileRef = 3409A3542B10416E008D5320 /* ModelData.swift */; };
		34DD7F252B20D0B20073833A /* Profile.swift in Sources */ = {isa = PBXBuildFile; fileRef = 3409A3872B1E09EC008D5320 /* Profile.swift */; };
		34DD7F262B20D0B20073833A /* landmarkData.json in Resources */ = {isa = PBXBuildFile; fileRef = 3409A3712B130F1A008D5320 /* landmarkData.json */; };
		34DD7F272B20D0B20073833A /* Landmark.swift in Sources */ = {isa = PBXBuildFile; fileRef = 3409A3522B104045008D5320 /* Landmark.swift */; };
		34DD7F2F2B20D24F0073833A /* LandmarkDetail.swift in Sources */ = {isa = PBXBuildFile; fileRef = 34DD7F2E2B20D24F0073833A /* LandmarkDetail.swift */; };
		34DD7F312B20D4C10073833A /* LandmarkList.swift in Sources */ = {isa = PBXBuildFile; fileRef = 34DD7F302B20D4C10073833A /* LandmarkList.swift */; };
		34DD7F332B20D6C30073833A /* LandmarkCommands.swift in Sources */ = {isa = PBXBuildFile; fileRef = 34DD7F322B20D6C30073833A /* LandmarkCommands.swift */; };
		34DD7F342B20D6C30073833A /* LandmarkCommands.swift in Sources */ = {isa = PBXBuildFile; fileRef = 34DD7F322B20D6C30073833A /* LandmarkCommands.swift */; };
		34DD7F372B20D9620073833A /* LandmarkSettings.swift in Sources */ = {isa = PBXBuildFile; fileRef = 34DD7F362B20D9620073833A /* LandmarkSettings.swift */; };
/* End PBXBuildFile section */

/* Begin PBXContainerItemProxy section */
		349451B92B20BCE50092E8E0 /* PBXContainerItemProxy */ = {
			isa = PBXContainerItemProxy;
			containerPortal = 3409A3272B0F8D9D008D5320 /* Project object */;
			proxyType = 1;
			remoteGlobalIDString = 349451AD2B20BCE20092E8E0;
			remoteInfo = "WatchLandmarks Watch App";
		};
/* End PBXContainerItemProxy section */

/* Begin PBXCopyFilesBuildPhase section */
		349451BC2B20BCE50092E8E0 /* Embed Watch Content */ = {
			isa = PBXCopyFilesBuildPhase;
			buildActionMask = 2147483647;
			dstPath = "$(CONTENTS_FOLDER_PATH)/Watch";
			dstSubfolderSpec = 16;
			files = (
				349451BB2B20BCE50092E8E0 /* WatchLandmarks Watch App.app in Embed Watch Content */,
			);
			name = "Embed Watch Content";
			runOnlyForDeploymentPostprocessing = 0;
		};
/* End PBXCopyFilesBuildPhase section */

/* Begin PBXFileReference section */
		3409A32F2B0F8D9D008D5320 /* Landmarks.app */ = {isa = PBXFileReference; explicitFileType = wrapper.application; includeInIndex = 0; path = Landmarks.app; sourceTree = BUILT_PRODUCTS_DIR; };
		3409A3322B0F8D9D008D5320 /* LandmarksApp.swift */ = {isa = PBXFileReference; lastKnownFileType = sourcecode.swift; path = LandmarksApp.swift; sourceTree = "<group>"; };
		3409A3342B0F8D9D008D5320 /* ContentView.swift */ = {isa = PBXFileReference; lastKnownFileType = sourcecode.swift; path = ContentView.swift; sourceTree = "<group>"; };
		3409A3362B0F8D9F008D5320 /* AppIcon.xcassets */ = {isa = PBXFileReference; lastKnownFileType = folder.assetcatalog; path = AppIcon.xcassets; sourceTree = "<group>"; };
		3409A3392B0F8D9F008D5320 /* Preview Assets.xcassets */ = {isa = PBXFileReference; lastKnownFileType = folder.assetcatalog; path = "Preview Assets.xcassets"; sourceTree = "<group>"; };
		3409A3472B0F952E008D5320 /* Landmarks.xcassets */ = {isa = PBXFileReference; lastKnownFileType = folder.assetcatalog; path = Landmarks.xcassets; sourceTree = "<group>"; };
		3409A3492B0F956F008D5320 /* CircleImage.swift */ = {isa = PBXFileReference; lastKnownFileType = sourcecode.swift; path = CircleImage.swift; sourceTree = "<group>"; };
		3409A34B2B0F965C008D5320 /* MapView.swift */ = {isa = PBXFileReference; lastKnownFileType = sourcecode.swift; path = MapView.swift; sourceTree = "<group>"; };
		3409A34D2B0F9885008D5320 /* .swiftlint.yml */ = {isa = PBXFileReference; fileEncoding = 4; lastKnownFileType = text.yaml; path = .swiftlint.yml; sourceTree = "<group>"; };
		3409A3522B104045008D5320 /* Landmark.swift */ = {isa = PBXFileReference; lastKnownFileType = sourcecode.swift; path = Landmark.swift; sourceTree = "<group>"; };
		3409A3542B10416E008D5320 /* ModelData.swift */ = {isa = PBXFileReference; lastKnownFileType = sourcecode.swift; path = ModelData.swift; sourceTree = "<group>"; };
		3409A3582B10428E008D5320 /* LandmarkRow.swift */ = {isa = PBXFileReference; lastKnownFileType = sourcecode.swift; path = LandmarkRow.swift; sourceTree = "<group>"; };
		3409A35A2B1043FE008D5320 /* LandmarkList.swift */ = {isa = PBXFileReference; lastKnownFileType = sourcecode.swift; path = LandmarkList.swift; sourceTree = "<group>"; };
		3409A35C2B104539008D5320 /* LandmarkDetail.swift */ = {isa = PBXFileReference; lastKnownFileType = sourcecode.swift; path = LandmarkDetail.swift; sourceTree = "<group>"; };
		3409A35E2B117F86008D5320 /* FavoriteButton.swift */ = {isa = PBXFileReference; lastKnownFileType = sourcecode.swift; path = FavoriteButton.swift; sourceTree = "<group>"; };
		3409A3622B12F53A008D5320 /* HexagonParameters.swift */ = {isa = PBXFileReference; lastKnownFileType = sourcecode.swift; path = HexagonParameters.swift; sourceTree = "<group>"; };
		3409A3642B12F65C008D5320 /* BadgeBackground.swift */ = {isa = PBXFileReference; lastKnownFileType = sourcecode.swift; path = BadgeBackground.swift; sourceTree = "<group>"; };
		3409A3662B12F8ED008D5320 /* BadgeSymbol.swift */ = {isa = PBXFileReference; lastKnownFileType = sourcecode.swift; path = BadgeSymbol.swift; sourceTree = "<group>"; };
		3409A3682B12F9B2008D5320 /* RotatedBadgeSymbol.swift */ = {isa = PBXFileReference; lastKnownFileType = sourcecode.swift; path = RotatedBadgeSymbol.swift; sourceTree = "<group>"; };
		3409A36A2B12FA74008D5320 /* Badge.swift */ = {isa = PBXFileReference; lastKnownFileType = sourcecode.swift; path = Badge.swift; sourceTree = "<group>"; };
		3409A3712B130F1A008D5320 /* landmarkData.json */ = {isa = PBXFileReference; fileEncoding = 4; lastKnownFileType = text.json; path = landmarkData.json; sourceTree = "<group>"; };
		3409A3722B130F1A008D5320 /* hikeData.json */ = {isa = PBXFileReference; fileEncoding = 4; lastKnownFileType = text.json; path = hikeData.json; sourceTree = "<group>"; };
		3409A3752B130F61008D5320 /* Hike.swift */ = {isa = PBXFileReference; lastKnownFileType = sourcecode.swift; path = Hike.swift; sourceTree = "<group>"; };
		3409A3782B130FDC008D5320 /* GraphCapsule.swift */ = {isa = PBXFileReference; fileEncoding = 4; lastKnownFileType = sourcecode.swift; path = GraphCapsule.swift; sourceTree = "<group>"; };
		3409A3792B130FDC008D5320 /* HikeGraph.swift */ = {isa = PBXFileReference; fileEncoding = 4; lastKnownFileType = sourcecode.swift; path = HikeGraph.swift; sourceTree = "<group>"; };
		3409A37A2B130FDC008D5320 /* HikeDetail.swift */ = {isa = PBXFileReference; fileEncoding = 4; lastKnownFileType = sourcecode.swift; path = HikeDetail.swift; sourceTree = "<group>"; };
		3409A37B2B130FDC008D5320 /* HikeView.swift */ = {isa = PBXFileReference; fileEncoding = 4; lastKnownFileType = sourcecode.swift; path = HikeView.swift; sourceTree = "<group>"; };
		3409A3812B131705008D5320 /* CategoryHome.swift */ = {isa = PBXFileReference; lastKnownFileType = sourcecode.swift; path = CategoryHome.swift; sourceTree = "<group>"; };
		3409A3832B131876008D5320 /* CategoryRow.swift */ = {isa = PBXFileReference; lastKnownFileType = sourcecode.swift; path = CategoryRow.swift; sourceTree = "<group>"; };
		3409A3852B13198A008D5320 /* CategoryItem.swift */ = {isa = PBXFileReference; lastKnownFileType = sourcecode.swift; path = CategoryItem.swift; sourceTree = "<group>"; };
		3409A3872B1E09EC008D5320 /* Profile.swift */ = {isa = PBXFileReference; lastKnownFileType = sourcecode.swift; path = Profile.swift; sourceTree = "<group>"; };
		3409A38B2B1E0ACF008D5320 /* ProfileHost.swift */ = {isa = PBXFileReference; lastKnownFileType = sourcecode.swift; path = ProfileHost.swift; sourceTree = "<group>"; };
		3409A38D2B1E0B05008D5320 /* ProfileSummary.swift */ = {isa = PBXFileReference; lastKnownFileType = sourcecode.swift; path = ProfileSummary.swift; sourceTree = "<group>"; };
		3409A38F2B1E0C2A008D5320 /* HikeBadge.swift */ = {isa = PBXFileReference; lastKnownFileType = sourcecode.swift; path = HikeBadge.swift; sourceTree = "<group>"; };
		3409A3912B1E12BD008D5320 /* ProfileEditor.swift */ = {isa = PBXFileReference; lastKnownFileType = sourcecode.swift; path = ProfileEditor.swift; sourceTree = "<group>"; };
		3409A3942B1EBCF8008D5320 /* PageViewController.swift */ = {isa = PBXFileReference; lastKnownFileType = sourcecode.swift; path = PageViewController.swift; sourceTree = "<group>"; };
		3409A3962B1EBE8E008D5320 /* FeatureCard.swift */ = {isa = PBXFileReference; lastKnownFileType = sourcecode.swift; path = FeatureCard.swift; sourceTree = "<group>"; };
		3409A3982B1EBF2E008D5320 /* PageView.swift */ = {isa = PBXFileReference; lastKnownFileType = sourcecode.swift; path = PageView.swift; sourceTree = "<group>"; };
		3409A39A2B1EC5EA008D5320 /* PageControl.swift */ = {isa = PBXFileReference; lastKnownFileType = sourcecode.swift; path = PageControl.swift; sourceTree = "<group>"; };
		349451AE2B20BCE20092E8E0 /* WatchLandmarks Watch App.app */ = {isa = PBXFileReference; explicitFileType = wrapper.application; includeInIndex = 0; path = "WatchLandmarks Watch App.app"; sourceTree = BUILT_PRODUCTS_DIR; };
		349451B22B20BCE20092E8E0 /* ContentView.swift */ = {isa = PBXFileReference; lastKnownFileType = sourcecode.swift; path = ContentView.swift; sourceTree = "<group>"; };
		349451B42B20BCE50092E8E0 /* Assets.xcassets */ = {isa = PBXFileReference; lastKnownFileType = folder.assetcatalog; path = Assets.xcassets; sourceTree = "<group>"; };
		349451B72B20BCE50092E8E0 /* Preview Assets.xcassets */ = {isa = PBXFileReference; lastKnownFileType = folder.assetcatalog; path = "Preview Assets.xcassets"; sourceTree = "<group>"; };
		349451D12B20BFF00092E8E0 /* LandmarkDetail.swift */ = {isa = PBXFileReference; lastKnownFileType = sourcecode.swift; path = LandmarkDetail.swift; sourceTree = "<group>"; };
		34DD7F022B20C8040073833A /* NotificationView.swift */ = {isa = PBXFileReference; lastKnownFileType = sourcecode.swift; path = NotificationView.swift; sourceTree = "<group>"; };
		34DD7F042B20C88E0073833A /* NotificationController.swift */ = {isa = PBXFileReference; lastKnownFileType = sourcecode.swift; path = NotificationController.swift; sourceTree = "<group>"; };
		34DD7F072B20C9EC0073833A /* PushNotificationPayload.apns */ = {isa = PBXFileReference; lastKnownFileType = text; path = PushNotificationPayload.apns; sourceTree = "<group>"; };
		34DD7F0C2B20CF930073833A /* MacLandmarks.app */ = {isa = PBXFileReference; explicitFileType = wrapper.application; includeInIndex = 0; path = MacLandmarks.app; sourceTree = BUILT_PRODUCTS_DIR; };
		34DD7F102B20CF930073833A /* ContentView.swift */ = {isa = PBXFileReference; lastKnownFileType = sourcecode.swift; path = ContentView.swift; sourceTree = "<group>"; };
		34DD7F122B20CF960073833A /* Assets.xcassets */ = {isa = PBXFileReference; lastKnownFileType = folder.assetcatalog; path = Assets.xcassets; sourceTree = "<group>"; };
		34DD7F152B20CF960073833A /* Preview Assets.xcassets */ = {isa = PBXFileReference; lastKnownFileType = folder.assetcatalog; path = "Preview Assets.xcassets"; sourceTree = "<group>"; };
		34DD7F172B20CF960073833A /* MacLandmarks.entitlements */ = {isa = PBXFileReference; lastKnownFileType = text.plist.entitlements; path = MacLandmarks.entitlements; sourceTree = "<group>"; };
		34DD7F2E2B20D24F0073833A /* LandmarkDetail.swift */ = {isa = PBXFileReference; lastKnownFileType = sourcecode.swift; path = LandmarkDetail.swift; sourceTree = "<group>"; };
		34DD7F302B20D4C10073833A /* LandmarkList.swift */ = {isa = PBXFileReference; lastKnownFileType = sourcecode.swift; path = LandmarkList.swift; sourceTree = "<group>"; };
		34DD7F322B20D6C30073833A /* LandmarkCommands.swift */ = {isa = PBXFileReference; lastKnownFileType = sourcecode.swift; path = LandmarkCommands.swift; sourceTree = "<group>"; };
		34DD7F362B20D9620073833A /* LandmarkSettings.swift */ = {isa = PBXFileReference; lastKnownFileType = sourcecode.swift; path = LandmarkSettings.swift; sourceTree = "<group>"; };
/* End PBXFileReference section */

/* Begin PBXFrameworksBuildPhase section */
		3409A32C2B0F8D9D008D5320 /* Frameworks */ = {
			isa = PBXFrameworksBuildPhase;
			buildActionMask = 2147483647;
			files = (
			);
			runOnlyForDeploymentPostprocessing = 0;
		};
		349451AB2B20BCE20092E8E0 /* Frameworks */ = {
			isa = PBXFrameworksBuildPhase;
			buildActionMask = 2147483647;
			files = (
			);
			runOnlyForDeploymentPostprocessing = 0;
		};
		34DD7F092B20CF930073833A /* Frameworks */ = {
			isa = PBXFrameworksBuildPhase;
			buildActionMask = 2147483647;
			files = (
			);
			runOnlyForDeploymentPostprocessing = 0;
		};
/* End PBXFrameworksBuildPhase section */

/* Begin PBXGroup section */
		3409A3262B0F8D9D008D5320 = {
			isa = PBXGroup;
			children = (
				3409A3312B0F8D9D008D5320 /* Landmarks */,
				349451AF2B20BCE20092E8E0 /* WatchLandmarks Watch App */,
				34DD7F0D2B20CF930073833A /* MacLandmarks */,
				3409A3302B0F8D9D008D5320 /* Products */,
			);
			sourceTree = "<group>";
		};
		3409A3302B0F8D9D008D5320 /* Products */ = {
			isa = PBXGroup;
			children = (
				3409A32F2B0F8D9D008D5320 /* Landmarks.app */,
				349451AE2B20BCE20092E8E0 /* WatchLandmarks Watch App.app */,
				34DD7F0C2B20CF930073833A /* MacLandmarks.app */,
			);
			name = Products;
			sourceTree = "<group>";
		};
		3409A3312B0F8D9D008D5320 /* Landmarks */ = {
			isa = PBXGroup;
			children = (
				3409A3432B0F8F4B008D5320 /* Code */,
				3409A3422B0F8EF8008D5320 /* Config */,
				3409A3442B0F8F5C008D5320 /* Resources */,
				3409A3382B0F8D9F008D5320 /* Preview Content */,
				3409A3462B0F8FA3008D5320 /* SupportingFiles */,
			);
			path = Landmarks;
			sourceTree = "<group>";
		};
		3409A3382B0F8D9F008D5320 /* Preview Content */ = {
			isa = PBXGroup;
			children = (
				3409A3392B0F8D9F008D5320 /* Preview Assets.xcassets */,
			);
			path = "Preview Content";
			sourceTree = "<group>";
		};
		3409A3422B0F8EF8008D5320 /* Config */ = {
			isa = PBXGroup;
			children = (
				3409A34D2B0F9885008D5320 /* .swiftlint.yml */,
			);
			path = Config;
			sourceTree = "<group>";
		};
		3409A3432B0F8F4B008D5320 /* Code */ = {
			isa = PBXGroup;
			children = (
				3409A3562B1041F7008D5320 /* Views */,
				3409A3572B104228008D5320 /* Model */,
			);
			path = Code;
			sourceTree = "<group>";
		};
		3409A3442B0F8F5C008D5320 /* Resources */ = {
			isa = PBXGroup;
			children = (
				3409A34F2B104018008D5320 /* Data */,
				3409A3452B0F8F82008D5320 /* Images */,
			);
			path = Resources;
			sourceTree = "<group>";
		};
		3409A3452B0F8F82008D5320 /* Images */ = {
			isa = PBXGroup;
			children = (
				3409A3362B0F8D9F008D5320 /* AppIcon.xcassets */,
				3409A3472B0F952E008D5320 /* Landmarks.xcassets */,
			);
			path = Images;
			sourceTree = "<group>";
		};
		3409A3462B0F8FA3008D5320 /* SupportingFiles */ = {
			isa = PBXGroup;
			children = (
				3409A3322B0F8D9D008D5320 /* LandmarksApp.swift */,
				3409A3342B0F8D9D008D5320 /* ContentView.swift */,
			);
			path = SupportingFiles;
			sourceTree = "<group>";
		};
		3409A34F2B104018008D5320 /* Data */ = {
			isa = PBXGroup;
			children = (
				3409A3712B130F1A008D5320 /* landmarkData.json */,
				3409A3722B130F1A008D5320 /* hikeData.json */,
			);
			path = Data;
			sourceTree = "<group>";
		};
		3409A3562B1041F7008D5320 /* Views */ = {
			isa = PBXGroup;
			children = (
				3409A3932B1EBCCD008D5320 /* PageView */,
				3409A38A2B1E0AAB008D5320 /* Profiles */,
				3409A3802B1316E1008D5320 /* Categories */,
				3409A3772B130FDC008D5320 /* Hikes */,
				3409A3612B11807D008D5320 /* Landmarks */,
				3409A36C2B12FB18008D5320 /* Badges */,
				3409A3602B118060008D5320 /* Helpers */,
			);
			path = Views;
			sourceTree = "<group>";
		};
		3409A3572B104228008D5320 /* Model */ = {
			isa = PBXGroup;
			children = (
				3409A3892B1E0A8E008D5320 /* Profiles */,
				3409A3542B10416E008D5320 /* ModelData.swift */,
				3409A3522B104045008D5320 /* Landmark.swift */,
				3409A3752B130F61008D5320 /* Hike.swift */,
				3409A3872B1E09EC008D5320 /* Profile.swift */,
			);
			path = Model;
			sourceTree = "<group>";
		};
		3409A3602B118060008D5320 /* Helpers */ = {
			isa = PBXGroup;
			children = (
				3409A3492B0F956F008D5320 /* CircleImage.swift */,
				3409A34B2B0F965C008D5320 /* MapView.swift */,
				3409A35E2B117F86008D5320 /* FavoriteButton.swift */,
			);
			path = Helpers;
			sourceTree = "<group>";
		};
		3409A3612B11807D008D5320 /* Landmarks */ = {
			isa = PBXGroup;
			children = (
				3409A35A2B1043FE008D5320 /* LandmarkList.swift */,
				3409A3582B10428E008D5320 /* LandmarkRow.swift */,
				3409A35C2B104539008D5320 /* LandmarkDetail.swift */,
			);
			path = Landmarks;
			sourceTree = "<group>";
		};
		3409A36C2B12FB18008D5320 /* Badges */ = {
			isa = PBXGroup;
			children = (
				3409A36A2B12FA74008D5320 /* Badge.swift */,
				3409A3642B12F65C008D5320 /* BadgeBackground.swift */,
				3409A3662B12F8ED008D5320 /* BadgeSymbol.swift */,
				3409A3682B12F9B2008D5320 /* RotatedBadgeSymbol.swift */,
				3409A3622B12F53A008D5320 /* HexagonParameters.swift */,
			);
			path = Badges;
			sourceTree = "<group>";
		};
		3409A3772B130FDC008D5320 /* Hikes */ = {
			isa = PBXGroup;
			children = (
				3409A3782B130FDC008D5320 /* GraphCapsule.swift */,
				3409A3792B130FDC008D5320 /* HikeGraph.swift */,
				3409A37A2B130FDC008D5320 /* HikeDetail.swift */,
				3409A37B2B130FDC008D5320 /* HikeView.swift */,
				3409A38F2B1E0C2A008D5320 /* HikeBadge.swift */,
			);
			path = Hikes;
			sourceTree = "<group>";
		};
		3409A3802B1316E1008D5320 /* Categories */ = {
			isa = PBXGroup;
			children = (
				3409A3812B131705008D5320 /* CategoryHome.swift */,
				3409A3832B131876008D5320 /* CategoryRow.swift */,
				3409A3852B13198A008D5320 /* CategoryItem.swift */,
			);
			path = Categories;
			sourceTree = "<group>";
		};
		3409A3892B1E0A8E008D5320 /* Profiles */ = {
			isa = PBXGroup;
			children = (
			);
			path = Profiles;
			sourceTree = "<group>";
		};
		3409A38A2B1E0AAB008D5320 /* Profiles */ = {
			isa = PBXGroup;
			children = (
				3409A38B2B1E0ACF008D5320 /* ProfileHost.swift */,
				3409A38D2B1E0B05008D5320 /* ProfileSummary.swift */,
				3409A3912B1E12BD008D5320 /* ProfileEditor.swift */,
			);
			path = Profiles;
			sourceTree = "<group>";
		};
		3409A3932B1EBCCD008D5320 /* PageView */ = {
			isa = PBXGroup;
			children = (
				3409A3962B1EBE8E008D5320 /* FeatureCard.swift */,
				3409A3942B1EBCF8008D5320 /* PageViewController.swift */,
				3409A3982B1EBF2E008D5320 /* PageView.swift */,
				3409A39A2B1EC5EA008D5320 /* PageControl.swift */,
			);
			path = PageView;
			sourceTree = "<group>";
		};
		349451AF2B20BCE20092E8E0 /* WatchLandmarks Watch App */ = {
			isa = PBXGroup;
			children = (
				349451CE2B20BFBB0092E8E0 /* Code */,
				349451CC2B20BE360092E8E0 /* Resources */,
				34DD7EFF2B20C5E90073833A /* SupportingFiles */,
				349451B62B20BCE50092E8E0 /* Preview Content */,
			);
			path = "WatchLandmarks Watch App";
			sourceTree = "<group>";
		};
		349451B62B20BCE50092E8E0 /* Preview Content */ = {
			isa = PBXGroup;
			children = (
				349451B72B20BCE50092E8E0 /* Preview Assets.xcassets */,
			);
			path = "Preview Content";
			sourceTree = "<group>";
		};
		349451CC2B20BE360092E8E0 /* Resources */ = {
			isa = PBXGroup;
			children = (
				34DD7F072B20C9EC0073833A /* PushNotificationPayload.apns */,
				349451CD2B20BE3E0092E8E0 /* Images */,
			);
			path = Resources;
			sourceTree = "<group>";
		};
		349451CD2B20BE3E0092E8E0 /* Images */ = {
			isa = PBXGroup;
			children = (
				349451B42B20BCE50092E8E0 /* Assets.xcassets */,
			);
			path = Images;
			sourceTree = "<group>";
		};
		349451CE2B20BFBB0092E8E0 /* Code */ = {
			isa = PBXGroup;
			children = (
				349451CF2B20BFC60092E8E0 /* Views */,
			);
			path = Code;
			sourceTree = "<group>";
		};
		349451CF2B20BFC60092E8E0 /* Views */ = {
			isa = PBXGroup;
			children = (
				34DD7F002B20C7D70073833A /* Notifications */,
				349451D02B20BFD60092E8E0 /* Landmarks */,
			);
			path = Views;
			sourceTree = "<group>";
		};
		349451D02B20BFD60092E8E0 /* Landmarks */ = {
			isa = PBXGroup;
			children = (
				349451D12B20BFF00092E8E0 /* LandmarkDetail.swift */,
				34DD7F302B20D4C10073833A /* LandmarkList.swift */,
			);
			path = Landmarks;
			sourceTree = "<group>";
		};
		34DD7EFF2B20C5E90073833A /* SupportingFiles */ = {
			isa = PBXGroup;
			children = (
				349451B22B20BCE20092E8E0 /* ContentView.swift */,
			);
			path = SupportingFiles;
			sourceTree = "<group>";
		};
		34DD7F002B20C7D70073833A /* Notifications */ = {
			isa = PBXGroup;
			children = (
				34DD7F022B20C8040073833A /* NotificationView.swift */,
				34DD7F042B20C88E0073833A /* NotificationController.swift */,
			);
			path = Notifications;
			sourceTree = "<group>";
		};
		34DD7F0D2B20CF930073833A /* MacLandmarks */ = {
			isa = PBXGroup;
			children = (
				34DD7F292B20D0D30073833A /* Code */,
				34DD7F282B20D0CD0073833A /* Resources */,
				34DD7F2B2B20D0EA0073833A /* SupportingFiles */,
				34DD7F142B20CF960073833A /* Preview Content */,
			);
			path = MacLandmarks;
			sourceTree = "<group>";
		};
		34DD7F142B20CF960073833A /* Preview Content */ = {
			isa = PBXGroup;
			children = (
				34DD7F152B20CF960073833A /* Preview Assets.xcassets */,
			);
			path = "Preview Content";
			sourceTree = "<group>";
		};
		34DD7F282B20D0CD0073833A /* Resources */ = {
			isa = PBXGroup;
			children = (
				34DD7F2A2B20D0DC0073833A /* Images */,
			);
			path = Resources;
			sourceTree = "<group>";
		};
		34DD7F292B20D0D30073833A /* Code */ = {
			isa = PBXGroup;
			children = (
				34DD7F2C2B20D22D0073833A /* Views */,
				34DD7F322B20D6C30073833A /* LandmarkCommands.swift */,
			);
			path = Code;
			sourceTree = "<group>";
		};
		34DD7F2A2B20D0DC0073833A /* Images */ = {
			isa = PBXGroup;
			children = (
				34DD7F122B20CF960073833A /* Assets.xcassets */,
			);
			path = Images;
			sourceTree = "<group>";
		};
		34DD7F2B2B20D0EA0073833A /* SupportingFiles */ = {
			isa = PBXGroup;
			children = (
				34DD7F102B20CF930073833A /* ContentView.swift */,
				34DD7F172B20CF960073833A /* MacLandmarks.entitlements */,
			);
			path = SupportingFiles;
			sourceTree = "<group>";
		};
		34DD7F2C2B20D22D0073833A /* Views */ = {
			isa = PBXGroup;
			children = (
				34DD7F352B20D9540073833A /* Settings */,
				34DD7F2D2B20D2360073833A /* Landmarks */,
			);
			path = Views;
			sourceTree = "<group>";
		};
		34DD7F2D2B20D2360073833A /* Landmarks */ = {
			isa = PBXGroup;
			children = (
				34DD7F2E2B20D24F0073833A /* LandmarkDetail.swift */,
			);
			path = Landmarks;
			sourceTree = "<group>";
		};
		34DD7F352B20D9540073833A /* Settings */ = {
			isa = PBXGroup;
			children = (
				34DD7F362B20D9620073833A /* LandmarkSettings.swift */,
			);
			path = Settings;
			sourceTree = "<group>";
		};
/* End PBXGroup section */

/* Begin PBXNativeTarget section */
		3409A32E2B0F8D9D008D5320 /* Landmarks */ = {
			isa = PBXNativeTarget;
			buildConfigurationList = 3409A33D2B0F8D9F008D5320 /* Build configuration list for PBXNativeTarget "Landmarks" */;
			buildPhases = (
				3409A32B2B0F8D9D008D5320 /* Sources */,
				3409A32C2B0F8D9D008D5320 /* Frameworks */,
				3409A32D2B0F8D9D008D5320 /* Resources */,
				3409A3402B0F8E69008D5320 /* Swiftlint */,
				349451BC2B20BCE50092E8E0 /* Embed Watch Content */,
			);
			buildRules = (
			);
			dependencies = (
				349451BA2B20BCE50092E8E0 /* PBXTargetDependency */,
			);
			name = Landmarks;
			productName = Landmarks;
			productReference = 3409A32F2B0F8D9D008D5320 /* Landmarks.app */;
			productType = "com.apple.product-type.application";
		};
		349451AD2B20BCE20092E8E0 /* WatchLandmarks Watch App */ = {
			isa = PBXNativeTarget;
			buildConfigurationList = 349451BF2B20BCE50092E8E0 /* Build configuration list for PBXNativeTarget "WatchLandmarks Watch App" */;
			buildPhases = (
				349451AA2B20BCE20092E8E0 /* Sources */,
				349451AB2B20BCE20092E8E0 /* Frameworks */,
				349451AC2B20BCE20092E8E0 /* Resources */,
			);
			buildRules = (
			);
			dependencies = (
			);
			name = "WatchLandmarks Watch App";
			productName = "WatchLandmarks Watch App";
			productReference = 349451AE2B20BCE20092E8E0 /* WatchLandmarks Watch App.app */;
			productType = "com.apple.product-type.application";
		};
		34DD7F0B2B20CF930073833A /* MacLandmarks */ = {
			isa = PBXNativeTarget;
			buildConfigurationList = 34DD7F182B20CF960073833A /* Build configuration list for PBXNativeTarget "MacLandmarks" */;
			buildPhases = (
				34DD7F082B20CF930073833A /* Sources */,
				34DD7F092B20CF930073833A /* Frameworks */,
				34DD7F0A2B20CF930073833A /* Resources */,
			);
			buildRules = (
			);
			dependencies = (
			);
			name = MacLandmarks;
			productName = MacLandmarks;
			productReference = 34DD7F0C2B20CF930073833A /* MacLandmarks.app */;
			productType = "com.apple.product-type.application";
		};
/* End PBXNativeTarget section */

/* Begin PBXProject section */
		3409A3272B0F8D9D008D5320 /* Project object */ = {
			isa = PBXProject;
			attributes = {
				BuildIndependentTargetsInParallel = 1;
				LastSwiftUpdateCheck = 1500;
				LastUpgradeCheck = 1500;
				TargetAttributes = {
					3409A32E2B0F8D9D008D5320 = {
						CreatedOnToolsVersion = 15.0.1;
					};
					349451AD2B20BCE20092E8E0 = {
						CreatedOnToolsVersion = 15.0.1;
					};
					34DD7F0B2B20CF930073833A = {
						CreatedOnToolsVersion = 15.0.1;
					};
				};
			};
			buildConfigurationList = 3409A32A2B0F8D9D008D5320 /* Build configuration list for PBXProject "Landmarks" */;
			compatibilityVersion = "Xcode 14.0";
			developmentRegion = en;
			hasScannedForEncodings = 0;
			knownRegions = (
				en,
				Base,
			);
			mainGroup = 3409A3262B0F8D9D008D5320;
			productRefGroup = 3409A3302B0F8D9D008D5320 /* Products */;
			projectDirPath = "";
			projectRoot = "";
			targets = (
				3409A32E2B0F8D9D008D5320 /* Landmarks */,
				349451AD2B20BCE20092E8E0 /* WatchLandmarks Watch App */,
				34DD7F0B2B20CF930073833A /* MacLandmarks */,
			);
		};
/* End PBXProject section */

/* Begin PBXResourcesBuildPhase section */
		3409A32D2B0F8D9D008D5320 /* Resources */ = {
			isa = PBXResourcesBuildPhase;
			buildActionMask = 2147483647;
			files = (
				3409A34E2B0F9886008D5320 /* .swiftlint.yml in Resources */,
				3409A3482B0F952E008D5320 /* Landmarks.xcassets in Resources */,
				3409A33A2B0F8D9F008D5320 /* Preview Assets.xcassets in Resources */,
				3409A3732B130F1A008D5320 /* landmarkData.json in Resources */,
				3409A3742B130F1A008D5320 /* hikeData.json in Resources */,
				3409A3372B0F8D9F008D5320 /* AppIcon.xcassets in Resources */,
			);
			runOnlyForDeploymentPostprocessing = 0;
		};
		349451AC2B20BCE20092E8E0 /* Resources */ = {
			isa = PBXResourcesBuildPhase;
			buildActionMask = 2147483647;
			files = (
				349451CB2B20BE200092E8E0 /* Landmarks.xcassets in Resources */,
				349451B82B20BCE50092E8E0 /* Preview Assets.xcassets in Resources */,
				349451C82B20BE060092E8E0 /* landmarkData.json in Resources */,
				349451C02B20BE060092E8E0 /* hikeData.json in Resources */,
				349451B52B20BCE50092E8E0 /* Assets.xcassets in Resources */,
			);
			runOnlyForDeploymentPostprocessing = 0;
		};
		34DD7F0A2B20CF930073833A /* Resources */ = {
			isa = PBXResourcesBuildPhase;
			buildActionMask = 2147483647;
			files = (
				34DD7F162B20CF960073833A /* Preview Assets.xcassets in Resources */,
				34DD7F1C2B20D0B20073833A /* hikeData.json in Resources */,
				34DD7F132B20CF960073833A /* Assets.xcassets in Resources */,
				34DD7F262B20D0B20073833A /* landmarkData.json in Resources */,
				34DD7F1D2B20D0B20073833A /* Landmarks.xcassets in Resources */,
			);
			runOnlyForDeploymentPostprocessing = 0;
		};
/* End PBXResourcesBuildPhase section */

/* Begin PBXShellScriptBuildPhase section */
		3409A3402B0F8E69008D5320 /* Swiftlint */ = {
			isa = PBXShellScriptBuildPhase;
			buildActionMask = 2147483647;
			files = (
			);
			inputFileListPaths = (
			);
			inputPaths = (
			);
			name = Swiftlint;
			outputFileListPaths = (
			);
			outputPaths = (
			);
			runOnlyForDeploymentPostprocessing = 0;
			shellPath = /bin/sh;
			shellScript = "if [[ \"$(uname -m)\" == arm64 ]]; then\n    export PATH=\"/opt/homebrew/bin:$PATH\"\nfi\n\nif which swiftlint > /dev/null; then\n  swiftlint --config \"$SRCROOT/Landmarks/Config/.swiftlint.yml\"\nelse\n  echo \"warning: SwiftLint not installed, download from https://github.com/realm/SwiftLint\"\nfi\n";
		};
/* End PBXShellScriptBuildPhase section */

/* Begin PBXSourcesBuildPhase section */
		3409A32B2B0F8D9D008D5320 /* Sources */ = {
			isa = PBXSourcesBuildPhase;
			buildActionMask = 2147483647;
			files = (
				3409A3842B131876008D5320 /* CategoryRow.swift in Sources */,
				3409A3882B1E09EC008D5320 /* Profile.swift in Sources */,
				34DD7F332B20D6C30073833A /* LandmarkCommands.swift in Sources */,
				3409A3352B0F8D9D008D5320 /* ContentView.swift in Sources */,
				3409A3822B131706008D5320 /* CategoryHome.swift in Sources */,
				3409A3972B1EBE8E008D5320 /* FeatureCard.swift in Sources */,
				3409A37D2B130FDC008D5320 /* HikeGraph.swift in Sources */,
				3409A36B2B12FA74008D5320 /* Badge.swift in Sources */,
				3409A34C2B0F965C008D5320 /* MapView.swift in Sources */,
				3409A37C2B130FDC008D5320 /* GraphCapsule.swift in Sources */,
				3409A3332B0F8D9D008D5320 /* LandmarksApp.swift in Sources */,
				3409A39B2B1EC5EA008D5320 /* PageControl.swift in Sources */,
				3409A35F2B117F86008D5320 /* FavoriteButton.swift in Sources */,
				3409A3862B13198A008D5320 /* CategoryItem.swift in Sources */,
				3409A37E2B130FDC008D5320 /* HikeDetail.swift in Sources */,
				3409A38E2B1E0B05008D5320 /* ProfileSummary.swift in Sources */,
				3409A3632B12F53A008D5320 /* HexagonParameters.swift in Sources */,
				3409A38C2B1E0ACF008D5320 /* ProfileHost.swift in Sources */,
				3409A3762B130F61008D5320 /* Hike.swift in Sources */,
				3409A3692B12F9B2008D5320 /* RotatedBadgeSymbol.swift in Sources */,
				3409A3992B1EBF2E008D5320 /* PageView.swift in Sources */,
				3409A3672B12F8ED008D5320 /* BadgeSymbol.swift in Sources */,
				3409A3922B1E12BD008D5320 /* ProfileEditor.swift in Sources */,
				3409A35B2B1043FE008D5320 /* LandmarkList.swift in Sources */,
				3409A37F2B130FDC008D5320 /* HikeView.swift in Sources */,
				3409A35D2B104539008D5320 /* LandmarkDetail.swift in Sources */,
				3409A3952B1EBCF8008D5320 /* PageViewController.swift in Sources */,
				3409A3652B12F65C008D5320 /* BadgeBackground.swift in Sources */,
				3409A3902B1E0C2A008D5320 /* HikeBadge.swift in Sources */,
				3409A34A2B0F956F008D5320 /* CircleImage.swift in Sources */,
				3409A3532B104046008D5320 /* Landmark.swift in Sources */,
				3409A3592B10428E008D5320 /* LandmarkRow.swift in Sources */,
				3409A3552B10416E008D5320 /* ModelData.swift in Sources */,
			);
			runOnlyForDeploymentPostprocessing = 0;
		};
		349451AA2B20BCE20092E8E0 /* Sources */ = {
			isa = PBXSourcesBuildPhase;
			buildActionMask = 2147483647;
			files = (
				349451C62B20BE060092E8E0 /* MapView.swift in Sources */,
				349451C72B20BE060092E8E0 /* Profile.swift in Sources */,
				349451C12B20BE060092E8E0 /* LandmarkRow.swift in Sources */,
				349451CA2B20BE060092E8E0 /* LandmarksApp.swift in Sources */,
				34DD7F312B20D4C10073833A /* LandmarkList.swift in Sources */,
				349451B32B20BCE20092E8E0 /* ContentView.swift in Sources */,
				349451C32B20BE060092E8E0 /* Hike.swift in Sources */,
				349451C92B20BE060092E8E0 /* CircleImage.swift in Sources */,
				349451C22B20BE060092E8E0 /* ModelData.swift in Sources */,
				34DD7F052B20C88E0073833A /* NotificationController.swift in Sources */,
				349451C52B20BE060092E8E0 /* Landmark.swift in Sources */,
				349451D22B20BFF00092E8E0 /* LandmarkDetail.swift in Sources */,
				34DD7F032B20C8040073833A /* NotificationView.swift in Sources */,
			);
			runOnlyForDeploymentPostprocessing = 0;
		};
		34DD7F082B20CF930073833A /* Sources */ = {
			isa = PBXSourcesBuildPhase;
			buildActionMask = 2147483647;
			files = (
				34DD7F222B20D0B20073833A /* MapView.swift in Sources */,
				34DD7F272B20D0B20073833A /* Landmark.swift in Sources */,
				34DD7F372B20D9620073833A /* LandmarkSettings.swift in Sources */,
				34DD7F252B20D0B20073833A /* Profile.swift in Sources */,
				34DD7F1E2B20D0B20073833A /* Hike.swift in Sources */,
				34DD7F342B20D6C30073833A /* LandmarkCommands.swift in Sources */,
				34DD7F2F2B20D24F0073833A /* LandmarkDetail.swift in Sources */,
				34DD7F242B20D0B20073833A /* ModelData.swift in Sources */,
				34DD7F112B20CF930073833A /* ContentView.swift in Sources */,
				34DD7F232B20D0B20073833A /* LandmarkList.swift in Sources */,
				34DD7F212B20D0B20073833A /* LandmarkRow.swift in Sources */,
				34DD7F1B2B20D0B20073833A /* FavoriteButton.swift in Sources */,
				34DD7F1F2B20D0B20073833A /* LandmarksApp.swift in Sources */,
				34DD7F202B20D0B20073833A /* CircleImage.swift in Sources */,
			);
			runOnlyForDeploymentPostprocessing = 0;
		};
/* End PBXSourcesBuildPhase section */

/* Begin PBXTargetDependency section */
		349451BA2B20BCE50092E8E0 /* PBXTargetDependency */ = {
			isa = PBXTargetDependency;
			target = 349451AD2B20BCE20092E8E0 /* WatchLandmarks Watch App */;
			targetProxy = 349451B92B20BCE50092E8E0 /* PBXContainerItemProxy */;
		};
/* End PBXTargetDependency section */

/* Begin XCBuildConfiguration section */
		3409A33B2B0F8D9F008D5320 /* Debug */ = {
			isa = XCBuildConfiguration;
			buildSettings = {
				ALWAYS_SEARCH_USER_PATHS = NO;
				ASSETCATALOG_COMPILER_GENERATE_SWIFT_ASSET_SYMBOL_EXTENSIONS = YES;
				CLANG_ANALYZER_NONNULL = YES;
				CLANG_ANALYZER_NUMBER_OBJECT_CONVERSION = YES_AGGRESSIVE;
				CLANG_CXX_LANGUAGE_STANDARD = "gnu++20";
				CLANG_ENABLE_MODULES = YES;
				CLANG_ENABLE_OBJC_ARC = YES;
				CLANG_ENABLE_OBJC_WEAK = YES;
				CLANG_WARN_BLOCK_CAPTURE_AUTORELEASING = YES;
				CLANG_WARN_BOOL_CONVERSION = YES;
				CLANG_WARN_COMMA = YES;
				CLANG_WARN_CONSTANT_CONVERSION = YES;
				CLANG_WARN_DEPRECATED_OBJC_IMPLEMENTATIONS = YES;
				CLANG_WARN_DIRECT_OBJC_ISA_USAGE = YES_ERROR;
				CLANG_WARN_DOCUMENTATION_COMMENTS = YES;
				CLANG_WARN_EMPTY_BODY = YES;
				CLANG_WARN_ENUM_CONVERSION = YES;
				CLANG_WARN_INFINITE_RECURSION = YES;
				CLANG_WARN_INT_CONVERSION = YES;
				CLANG_WARN_NON_LITERAL_NULL_CONVERSION = YES;
				CLANG_WARN_OBJC_IMPLICIT_RETAIN_SELF = YES;
				CLANG_WARN_OBJC_LITERAL_CONVERSION = YES;
				CLANG_WARN_OBJC_ROOT_CLASS = YES_ERROR;
				CLANG_WARN_QUOTED_INCLUDE_IN_FRAMEWORK_HEADER = YES;
				CLANG_WARN_RANGE_LOOP_ANALYSIS = YES;
				CLANG_WARN_STRICT_PROTOTYPES = YES;
				CLANG_WARN_SUSPICIOUS_MOVE = YES;
				CLANG_WARN_UNGUARDED_AVAILABILITY = YES_AGGRESSIVE;
				CLANG_WARN_UNREACHABLE_CODE = YES;
				CLANG_WARN__DUPLICATE_METHOD_MATCH = YES;
				COPY_PHASE_STRIP = NO;
				DEBUG_INFORMATION_FORMAT = dwarf;
				ENABLE_STRICT_OBJC_MSGSEND = YES;
				ENABLE_TESTABILITY = YES;
				ENABLE_USER_SCRIPT_SANDBOXING = YES;
				GCC_C_LANGUAGE_STANDARD = gnu17;
				GCC_DYNAMIC_NO_PIC = NO;
				GCC_NO_COMMON_BLOCKS = YES;
				GCC_OPTIMIZATION_LEVEL = 0;
				GCC_PREPROCESSOR_DEFINITIONS = (
					"DEBUG=1",
					"$(inherited)",
				);
				GCC_WARN_64_TO_32_BIT_CONVERSION = YES;
				GCC_WARN_ABOUT_RETURN_TYPE = YES_ERROR;
				GCC_WARN_UNDECLARED_SELECTOR = YES;
				GCC_WARN_UNINITIALIZED_AUTOS = YES_AGGRESSIVE;
				GCC_WARN_UNUSED_FUNCTION = YES;
				GCC_WARN_UNUSED_VARIABLE = YES;
				IPHONEOS_DEPLOYMENT_TARGET = 17.0;
				LOCALIZATION_PREFERS_STRING_CATALOGS = YES;
				MTL_ENABLE_DEBUG_INFO = INCLUDE_SOURCE;
				MTL_FAST_MATH = YES;
				ONLY_ACTIVE_ARCH = YES;
				SDKROOT = iphoneos;
				SWIFT_ACTIVE_COMPILATION_CONDITIONS = "DEBUG $(inherited)";
				SWIFT_OPTIMIZATION_LEVEL = "-Onone";
			};
			name = Debug;
		};
		3409A33C2B0F8D9F008D5320 /* Release */ = {
			isa = XCBuildConfiguration;
			buildSettings = {
				ALWAYS_SEARCH_USER_PATHS = NO;
				ASSETCATALOG_COMPILER_GENERATE_SWIFT_ASSET_SYMBOL_EXTENSIONS = YES;
				CLANG_ANALYZER_NONNULL = YES;
				CLANG_ANALYZER_NUMBER_OBJECT_CONVERSION = YES_AGGRESSIVE;
				CLANG_CXX_LANGUAGE_STANDARD = "gnu++20";
				CLANG_ENABLE_MODULES = YES;
				CLANG_ENABLE_OBJC_ARC = YES;
				CLANG_ENABLE_OBJC_WEAK = YES;
				CLANG_WARN_BLOCK_CAPTURE_AUTORELEASING = YES;
				CLANG_WARN_BOOL_CONVERSION = YES;
				CLANG_WARN_COMMA = YES;
				CLANG_WARN_CONSTANT_CONVERSION = YES;
				CLANG_WARN_DEPRECATED_OBJC_IMPLEMENTATIONS = YES;
				CLANG_WARN_DIRECT_OBJC_ISA_USAGE = YES_ERROR;
				CLANG_WARN_DOCUMENTATION_COMMENTS = YES;
				CLANG_WARN_EMPTY_BODY = YES;
				CLANG_WARN_ENUM_CONVERSION = YES;
				CLANG_WARN_INFINITE_RECURSION = YES;
				CLANG_WARN_INT_CONVERSION = YES;
				CLANG_WARN_NON_LITERAL_NULL_CONVERSION = YES;
				CLANG_WARN_OBJC_IMPLICIT_RETAIN_SELF = YES;
				CLANG_WARN_OBJC_LITERAL_CONVERSION = YES;
				CLANG_WARN_OBJC_ROOT_CLASS = YES_ERROR;
				CLANG_WARN_QUOTED_INCLUDE_IN_FRAMEWORK_HEADER = YES;
				CLANG_WARN_RANGE_LOOP_ANALYSIS = YES;
				CLANG_WARN_STRICT_PROTOTYPES = YES;
				CLANG_WARN_SUSPICIOUS_MOVE = YES;
				CLANG_WARN_UNGUARDED_AVAILABILITY = YES_AGGRESSIVE;
				CLANG_WARN_UNREACHABLE_CODE = YES;
				CLANG_WARN__DUPLICATE_METHOD_MATCH = YES;
				COPY_PHASE_STRIP = NO;
				DEBUG_INFORMATION_FORMAT = "dwarf-with-dsym";
				ENABLE_NS_ASSERTIONS = NO;
				ENABLE_STRICT_OBJC_MSGSEND = YES;
				ENABLE_USER_SCRIPT_SANDBOXING = YES;
				GCC_C_LANGUAGE_STANDARD = gnu17;
				GCC_NO_COMMON_BLOCKS = YES;
				GCC_WARN_64_TO_32_BIT_CONVERSION = YES;
				GCC_WARN_ABOUT_RETURN_TYPE = YES_ERROR;
				GCC_WARN_UNDECLARED_SELECTOR = YES;
				GCC_WARN_UNINITIALIZED_AUTOS = YES_AGGRESSIVE;
				GCC_WARN_UNUSED_FUNCTION = YES;
				GCC_WARN_UNUSED_VARIABLE = YES;
				IPHONEOS_DEPLOYMENT_TARGET = 17.0;
				LOCALIZATION_PREFERS_STRING_CATALOGS = YES;
				MTL_ENABLE_DEBUG_INFO = NO;
				MTL_FAST_MATH = YES;
				SDKROOT = iphoneos;
				SWIFT_COMPILATION_MODE = wholemodule;
				VALIDATE_PRODUCT = YES;
			};
			name = Release;
		};
		3409A33E2B0F8D9F008D5320 /* Debug */ = {
			isa = XCBuildConfiguration;
			buildSettings = {
				ALWAYS_EMBED_SWIFT_STANDARD_LIBRARIES = YES;
				ASSETCATALOG_COMPILER_APPICON_NAME = AppIcon;
				ASSETCATALOG_COMPILER_GLOBAL_ACCENT_COLOR_NAME = AccentColor;
				CODE_SIGN_STYLE = Automatic;
				CURRENT_PROJECT_VERSION = 1;
				DEVELOPMENT_ASSET_PATHS = "\"Landmarks/Preview Content\"";
				DEVELOPMENT_TEAM = TS43775FV9;
				ENABLE_PREVIEWS = YES;
				ENABLE_USER_SCRIPT_SANDBOXING = NO;
				GENERATE_INFOPLIST_FILE = YES;
				INFOPLIST_KEY_UIApplicationSceneManifest_Generation = YES;
				INFOPLIST_KEY_UIApplicationSupportsIndirectInputEvents = YES;
				INFOPLIST_KEY_UILaunchScreen_Generation = YES;
				INFOPLIST_KEY_UISupportedInterfaceOrientations_iPad = "UIInterfaceOrientationPortrait UIInterfaceOrientationPortraitUpsideDown UIInterfaceOrientationLandscapeLeft UIInterfaceOrientationLandscapeRight";
				INFOPLIST_KEY_UISupportedInterfaceOrientations_iPhone = "UIInterfaceOrientationPortrait UIInterfaceOrientationLandscapeLeft UIInterfaceOrientationLandscapeRight";
				LD_RUNPATH_SEARCH_PATHS = (
					"$(inherited)",
					"@executable_path/Frameworks",
				);
				MARKETING_VERSION = 1.0;
				PRODUCT_BUNDLE_IDENTIFIER = com.anidrium.inacio.Landmarks;
				PRODUCT_NAME = "$(TARGET_NAME)";
				SWIFT_EMIT_LOC_STRINGS = YES;
				SWIFT_VERSION = 5.0;
				TARGETED_DEVICE_FAMILY = "1,2";
			};
			name = Debug;
		};
		3409A33F2B0F8D9F008D5320 /* Release */ = {
			isa = XCBuildConfiguration;
			buildSettings = {
				ALWAYS_EMBED_SWIFT_STANDARD_LIBRARIES = YES;
				ASSETCATALOG_COMPILER_APPICON_NAME = AppIcon;
				ASSETCATALOG_COMPILER_GLOBAL_ACCENT_COLOR_NAME = AccentColor;
				CODE_SIGN_STYLE = Automatic;
				CURRENT_PROJECT_VERSION = 1;
				DEVELOPMENT_ASSET_PATHS = "\"Landmarks/Preview Content\"";
				DEVELOPMENT_TEAM = TS43775FV9;
				ENABLE_PREVIEWS = YES;
				ENABLE_USER_SCRIPT_SANDBOXING = NO;
				GENERATE_INFOPLIST_FILE = YES;
				INFOPLIST_KEY_UIApplicationSceneManifest_Generation = YES;
				INFOPLIST_KEY_UIApplicationSupportsIndirectInputEvents = YES;
				INFOPLIST_KEY_UILaunchScreen_Generation = YES;
				INFOPLIST_KEY_UISupportedInterfaceOrientations_iPad = "UIInterfaceOrientationPortrait UIInterfaceOrientationPortraitUpsideDown UIInterfaceOrientationLandscapeLeft UIInterfaceOrientationLandscapeRight";
				INFOPLIST_KEY_UISupportedInterfaceOrientations_iPhone = "UIInterfaceOrientationPortrait UIInterfaceOrientationLandscapeLeft UIInterfaceOrientationLandscapeRight";
				LD_RUNPATH_SEARCH_PATHS = (
					"$(inherited)",
					"@executable_path/Frameworks",
				);
				MARKETING_VERSION = 1.0;
				PRODUCT_BUNDLE_IDENTIFIER = com.anidrium.inacio.Landmarks;
				PRODUCT_NAME = "$(TARGET_NAME)";
				SWIFT_EMIT_LOC_STRINGS = YES;
				SWIFT_VERSION = 5.0;
				TARGETED_DEVICE_FAMILY = "1,2";
			};
			name = Release;
		};
		349451BD2B20BCE50092E8E0 /* Debug */ = {
			isa = XCBuildConfiguration;
			buildSettings = {
				ASSETCATALOG_COMPILER_APPICON_NAME = AppIcon;
				ASSETCATALOG_COMPILER_GLOBAL_ACCENT_COLOR_NAME = AccentColor;
				CODE_SIGN_STYLE = Automatic;
				CURRENT_PROJECT_VERSION = 1;
				DEVELOPMENT_ASSET_PATHS = "\"WatchLandmarks Watch App/Preview Content\"";
				DEVELOPMENT_TEAM = TS43775FV9;
				ENABLE_PREVIEWS = YES;
				GENERATE_INFOPLIST_FILE = YES;
				INFOPLIST_KEY_CFBundleDisplayName = WatchLandmarks;
				INFOPLIST_KEY_UISupportedInterfaceOrientations = "UIInterfaceOrientationPortrait UIInterfaceOrientationPortraitUpsideDown";
				INFOPLIST_KEY_WKCompanionAppBundleIdentifier = com.anidrium.inacio.Landmarks;
				INFOPLIST_KEY_WKRunsIndependentlyOfCompanionApp = YES;
				LD_RUNPATH_SEARCH_PATHS = (
					"$(inherited)",
					"@executable_path/Frameworks",
				);
				MARKETING_VERSION = 1.0;
				PRODUCT_BUNDLE_IDENTIFIER = com.anidrium.inacio.Landmarks.watchkitapp;
				PRODUCT_NAME = "$(TARGET_NAME)";
				SDKROOT = watchos;
				SKIP_INSTALL = YES;
				SWIFT_EMIT_LOC_STRINGS = YES;
				SWIFT_VERSION = 5.0;
				TARGETED_DEVICE_FAMILY = 4;
				WATCHOS_DEPLOYMENT_TARGET = 10.0;
			};
			name = Debug;
		};
		349451BE2B20BCE50092E8E0 /* Release */ = {
			isa = XCBuildConfiguration;
			buildSettings = {
				ASSETCATALOG_COMPILER_APPICON_NAME = AppIcon;
				ASSETCATALOG_COMPILER_GLOBAL_ACCENT_COLOR_NAME = AccentColor;
				CODE_SIGN_STYLE = Automatic;
				CURRENT_PROJECT_VERSION = 1;
				DEVELOPMENT_ASSET_PATHS = "\"WatchLandmarks Watch App/Preview Content\"";
				DEVELOPMENT_TEAM = TS43775FV9;
				ENABLE_PREVIEWS = YES;
				GENERATE_INFOPLIST_FILE = YES;
				INFOPLIST_KEY_CFBundleDisplayName = WatchLandmarks;
				INFOPLIST_KEY_UISupportedInterfaceOrientations = "UIInterfaceOrientationPortrait UIInterfaceOrientationPortraitUpsideDown";
				INFOPLIST_KEY_WKCompanionAppBundleIdentifier = com.anidrium.inacio.Landmarks;
				INFOPLIST_KEY_WKRunsIndependentlyOfCompanionApp = YES;
				LD_RUNPATH_SEARCH_PATHS = (
					"$(inherited)",
					"@executable_path/Frameworks",
				);
				MARKETING_VERSION = 1.0;
				PRODUCT_BUNDLE_IDENTIFIER = com.anidrium.inacio.Landmarks.watchkitapp;
				PRODUCT_NAME = "$(TARGET_NAME)";
				SDKROOT = watchos;
				SKIP_INSTALL = YES;
				SWIFT_EMIT_LOC_STRINGS = YES;
				SWIFT_VERSION = 5.0;
				TARGETED_DEVICE_FAMILY = 4;
				WATCHOS_DEPLOYMENT_TARGET = 10.0;
			};
			name = Release;
		};
		34DD7F192B20CF960073833A /* Debug */ = {
			isa = XCBuildConfiguration;
			buildSettings = {
				ASSETCATALOG_COMPILER_APPICON_NAME = AppIcon;
				ASSETCATALOG_COMPILER_GLOBAL_ACCENT_COLOR_NAME = AccentColor;
				CODE_SIGN_ENTITLEMENTS = MacLandmarks/MacLandmarks.entitlements;
				CODE_SIGN_STYLE = Automatic;
				COMBINE_HIDPI_IMAGES = YES;
				CURRENT_PROJECT_VERSION = 1;
				DEVELOPMENT_ASSET_PATHS = "\"MacLandmarks/Preview Content\"";
				DEVELOPMENT_TEAM = TS43775FV9;
				ENABLE_HARDENED_RUNTIME = YES;
				ENABLE_PREVIEWS = YES;
				GENERATE_INFOPLIST_FILE = YES;
				INFOPLIST_KEY_NSHumanReadableCopyright = "";
				LD_RUNPATH_SEARCH_PATHS = (
					"$(inherited)",
					"@executable_path/../Frameworks",
				);
				MACOSX_DEPLOYMENT_TARGET = 13.6;
				MARKETING_VERSION = 1.0;
				PRODUCT_BUNDLE_IDENTIFIER = com.anidrium.inacio.MacLandmarks;
				PRODUCT_NAME = "$(TARGET_NAME)";
				SDKROOT = macosx;
				SWIFT_EMIT_LOC_STRINGS = YES;
				SWIFT_VERSION = 5.0;
			};
			name = Debug;
		};
		34DD7F1A2B20CF960073833A /* Release */ = {
			isa = XCBuildConfiguration;
			buildSettings = {
				ASSETCATALOG_COMPILER_APPICON_NAME = AppIcon;
				ASSETCATALOG_COMPILER_GLOBAL_ACCENT_COLOR_NAME = AccentColor;
				CODE_SIGN_ENTITLEMENTS = MacLandmarks/MacLandmarks.entitlements;
				CODE_SIGN_STYLE = Automatic;
				COMBINE_HIDPI_IMAGES = YES;
				CURRENT_PROJECT_VERSION = 1;
				DEVELOPMENT_ASSET_PATHS = "\"MacLandmarks/Preview Content\"";
				DEVELOPMENT_TEAM = TS43775FV9;
				ENABLE_HARDENED_RUNTIME = YES;
				ENABLE_PREVIEWS = YES;
				GENERATE_INFOPLIST_FILE = YES;
				INFOPLIST_KEY_NSHumanReadableCopyright = "";
				LD_RUNPATH_SEARCH_PATHS = (
					"$(inherited)",
					"@executable_path/../Frameworks",
				);
				MACOSX_DEPLOYMENT_TARGET = 13.6;
				MARKETING_VERSION = 1.0;
				PRODUCT_BUNDLE_IDENTIFIER = com.anidrium.inacio.MacLandmarks;
				PRODUCT_NAME = "$(TARGET_NAME)";
				SDKROOT = macosx;
				SWIFT_EMIT_LOC_STRINGS = YES;
				SWIFT_VERSION = 5.0;
			};
			name = Release;
		};
/* End XCBuildConfiguration section */

/* Begin XCConfigurationList section */
		3409A32A2B0F8D9D008D5320 /* Build configuration list for PBXProject "Landmarks" */ = {
			isa = XCConfigurationList;
			buildConfigurations = (
				3409A33B2B0F8D9F008D5320 /* Debug */,
				3409A33C2B0F8D9F008D5320 /* Release */,
			);
			defaultConfigurationIsVisible = 0;
			defaultConfigurationName = Release;
		};
		3409A33D2B0F8D9F008D5320 /* Build configuration list for PBXNativeTarget "Landmarks" */ = {
			isa = XCConfigurationList;
			buildConfigurations = (
				3409A33E2B0F8D9F008D5320 /* Debug */,
				3409A33F2B0F8D9F008D5320 /* Release */,
			);
			defaultConfigurationIsVisible = 0;
			defaultConfigurationName = Release;
		};
		349451BF2B20BCE50092E8E0 /* Build configuration list for PBXNativeTarget "WatchLandmarks Watch App" */ = {
			isa = XCConfigurationList;
			buildConfigurations = (
				349451BD2B20BCE50092E8E0 /* Debug */,
				349451BE2B20BCE50092E8E0 /* Release */,
			);
			defaultConfigurationIsVisible = 0;
			defaultConfigurationName = Release;
		};
		34DD7F182B20CF960073833A /* Build configuration list for PBXNativeTarget "MacLandmarks" */ = {
			isa = XCConfigurationList;
			buildConfigurations = (
				34DD7F192B20CF960073833A /* Debug */,
				34DD7F1A2B20CF960073833A /* Release */,
			);
			defaultConfigurationIsVisible = 0;
			defaultConfigurationName = Release;
		};
/* End XCConfigurationList section */
	};
	rootObject = 3409A3272B0F8D9D008D5320 /* Project object */;
}
